<Solution>
  <Folder Name="/Solution Items/">
    <File Path=".env" />
    <File Path="Directory.Build.props" />
    <File Path="Directory.Packages.props" />
    <File Path="install-server-deps.sh" />
    <File Path="nuget.config" />
    <File Path="version.json" />
  </Folder>
  <Folder Name="/src/">
    <Project Path="src/Citadel.Application/Citadel.Application.csproj" />
    <Project Path="src/Citadel.Domain/Citadel.Domain.csproj" />
    <Project Path="src/Citadel.Infrastructure.Migrations/Citadel.Infrastructure.Migrations.csproj" />
    <Project Path="src/Citadel.Infrastructure/Citadel.Infrastructure.csproj" />
    <Project Path="src/Citadel.WebApi/Citadel.WebApi.csproj" />
  </Folder>
  <Folder Name="/src/submodule/">
    <Project Path="src/Citadel.Contracts/src/Citadel.Hosting.Common/Citadel.Hosting.Common.csproj" />
    <Project Path="src/Citadel.Contracts/src/Citadel.Hosting.DockerClient/Citadel.Hosting.DockerClient.csproj" />
    <Project Path="src/Citadel.Contracts/src/Citadel.Hosting/Citadel.Hosting.csproj" />
    <Project Path="src/Citadel.Contracts/src/Citadel.SourceGen/Citadel.SourceGen.csproj" />
  </Folder>
  <Folder Name="/test/">
    <Project Path="test/Citadel.Tests.Acceptance/Citadel.Tests.Acceptance.csproj" />
    <Project Path="test/Citadel.Tests.Common/Citadel.Tests.Common.csproj" />
    <Project Path="test/Citadel.Tests.Integration/Citadel.Tests.Integration.csproj" />
    <Project Path="test/Citadel.Tests.Unit/Citadel.Tests.Unit.csproj" />
  </Folder>
  <Project Path="docker-compose.dcproj">
    <BuildType Project="Debug" />
    <Build />
  </Project>
</Solution>
