
Microsoft Visual Studio Solution File, Format Version 12.00
# Visual Studio Version 18
VisualStudioVersion = 18.3.11310.294
MinimumVisualStudioVersion = 10.0.40219.1
Project("{2150E333-8FDC-42A3-9474-1A3956D46DE8}") = "Solution Items", "Solution Items", "{B785CAE4-4DC7-420D-B0EB-E248644282A0}"
	ProjectSection(SolutionItems) = preProject
		Directory.Build.props = Directory.Build.props
		Directory.Packages.props = Directory.Packages.props
		Dockerfile = Dockerfile
		install-server-deps.sh = install-server-deps.sh
		Dockerfile.dev = Dockerfile.dev
		notes.md = notes.md
		nuget.config = nuget.config
		version.json = version.json
	EndProjectSection
EndProject
Project("{2150E333-8FDC-42A3-9474-1A3956D46DE8}") = "submodule", "submodule", "{9731B61B-C938-4004-8B9B-B0217DAF3841}"
EndProject
Project("{2150E333-8FDC-42A3-9474-1A3956D46DE8}") = "test", "test", "{02EA681E-C7D8-13C7-8484-4AC65E1B71E8}"
EndProject
Project("{2150E333-8FDC-42A3-9474-1A3956D46DE8}") = "src", "src", "{13D59AD0-FAEA-42EC-AB30-BCECA32AEA9A}"
EndProject
Project("{FAE04EC0-301F-11D3-BF4B-00C04F79EFBC}") = "Citadel.Tests.Unit", "test\Citadel.Tests.Unit\Citadel.Tests.Unit.csproj", "{271CC5FF-C5B1-AFC7-BA61-FB806B6DB45F}"
EndProject
Project("{FAE04EC0-301F-11D3-BF4B-00C04F79EFBC}") = "Citadel.Tests.Integration", "test\Citadel.Tests.Integration\Citadel.Tests.Integration.csproj", "{7E6C1F50-CBE5-8E29-1E13-E2103C741560}"
EndProject
Project("{FAE04EC0-301F-11D3-BF4B-00C04F79EFBC}") = "Citadel.Tests.Common", "test\Citadel.Tests.Common\Citadel.Tests.Common.csproj", "{05EC306B-DE3D-5F5A-43CB-414FA2DFB1D1}"
EndProject
Project("{FAE04EC0-301F-11D3-BF4B-00C04F79EFBC}") = "Citadel.Application", "src\Citadel.Application\Citadel.Application.csproj", "{A923E7C2-A16C-7308-5CC3-B018F6827E92}"
EndProject
Project("{FAE04EC0-301F-11D3-BF4B-00C04F79EFBC}") = "Citadel.Domain", "src\Citadel.Domain\Citadel.Domain.csproj", "{ABAF3A7A-2266-FF12-F84C-47526B01D5C1}"
EndProject
Project("{FAE04EC0-301F-11D3-BF4B-00C04F79EFBC}") = "Citadel.Infrastructure", "src\Citadel.Infrastructure\Citadel.Infrastructure.csproj", "{BEAF7E92-CE0E-3A49-CD9F-311488299CF3}"
EndProject
Project("{FAE04EC0-301F-11D3-BF4B-00C04F79EFBC}") = "Citadel.WebApi", "src\Citadel.WebApi\Citadel.WebApi.csproj", "{A6E35079-15EA-8142-E3A8-76152CC97ED5}"
EndProject
Project("{FAE04EC0-301F-11D3-BF4B-00C04F79EFBC}") = "Citadel.Hosting", "src\Citadel.Contracts\src\Citadel.Hosting\Citadel.Hosting.csproj", "{FC7D69D6-F0C7-5F64-4D82-E670A99904C5}"
EndProject
Project("{FAE04EC0-301F-11D3-BF4B-00C04F79EFBC}") = "Citadel.Hosting.Common", "src\Citadel.Contracts\src\Citadel.Hosting.Common\Citadel.Hosting.Common.csproj", "{3246DB37-28F1-9C69-2E47-F8D1F52FB22F}"
EndProject
Project("{FAE04EC0-301F-11D3-BF4B-00C04F79EFBC}") = "Citadel.Hosting.DockerClient", "src\Citadel.Contracts\src\Citadel.Hosting.DockerClient\Citadel.Hosting.DockerClient.csproj", "{CE52BD19-4810-C870-2276-81410C29554D}"
EndProject
Project("{FAE04EC0-301F-11D3-BF4B-00C04F79EFBC}") = "Citadel.SourceGen", "src\Citadel.Contracts\src\Citadel.SourceGen\Citadel.SourceGen.csproj", "{792AEDE4-0F29-08C6-7D16-486AF0135838}"
EndProject
Project("{FAE04EC0-301F-11D3-BF4B-00C04F79EFBC}") = "Citadel.Infrastructure.Migrations", "src\Citadel.Infrastructure.Migrations\Citadel.Infrastructure.Migrations.csproj", "{80D9ED34-9AAD-95D0-5125-91317ABD971C}"
EndProject
Global
	GlobalSection(SolutionConfigurationPlatforms) = preSolution
		Debug|Any CPU = Debug|Any CPU
		Release|Any CPU = Release|Any CPU
	EndGlobalSection
	GlobalSection(ProjectConfigurationPlatforms) = postSolution
		{271CC5FF-C5B1-AFC7-BA61-FB806B6DB45F}.Debug|Any CPU.ActiveCfg = Debug|Any CPU
		{271CC5FF-C5B1-AFC7-BA61-FB806B6DB45F}.Debug|Any CPU.Build.0 = Debug|Any CPU
		{271CC5FF-C5B1-AFC7-BA61-FB806B6DB45F}.Release|Any CPU.ActiveCfg = Release|Any CPU
		{271CC5FF-C5B1-AFC7-BA61-FB806B6DB45F}.Release|Any CPU.Build.0 = Release|Any CPU
		{7E6C1F50-CBE5-8E29-1E13-E2103C741560}.Debug|Any CPU.ActiveCfg = Debug|Any CPU
		{7E6C1F50-CBE5-8E29-1E13-E2103C741560}.Debug|Any CPU.Build.0 = Debug|Any CPU
		{7E6C1F50-CBE5-8E29-1E13-E2103C741560}.Release|Any CPU.ActiveCfg = Release|Any CPU
		{7E6C1F50-CBE5-8E29-1E13-E2103C741560}.Release|Any CPU.Build.0 = Release|Any CPU
		{05EC306B-DE3D-5F5A-43CB-414FA2DFB1D1}.Debug|Any CPU.ActiveCfg = Debug|Any CPU
		{05EC306B-DE3D-5F5A-43CB-414FA2DFB1D1}.Debug|Any CPU.Build.0 = Debug|Any CPU
		{05EC306B-DE3D-5F5A-43CB-414FA2DFB1D1}.Release|Any CPU.ActiveCfg = Release|Any CPU
		{05EC306B-DE3D-5F5A-43CB-414FA2DFB1D1}.Release|Any CPU.Build.0 = Release|Any CPU
		{A923E7C2-A16C-7308-5CC3-B018F6827E92}.Debug|Any CPU.ActiveCfg = Debug|Any CPU
		{A923E7C2-A16C-7308-5CC3-B018F6827E92}.Debug|Any CPU.Build.0 = Debug|Any CPU
		{A923E7C2-A16C-7308-5CC3-B018F6827E92}.Release|Any CPU.ActiveCfg = Release|Any CPU
		{A923E7C2-A16C-7308-5CC3-B018F6827E92}.Release|Any CPU.Build.0 = Release|Any CPU
		{ABAF3A7A-2266-FF12-F84C-47526B01D5C1}.Debug|Any CPU.ActiveCfg = Debug|Any CPU
		{ABAF3A7A-2266-FF12-F84C-47526B01D5C1}.Debug|Any CPU.Build.0 = Debug|Any CPU
		{ABAF3A7A-2266-FF12-F84C-47526B01D5C1}.Release|Any CPU.ActiveCfg = Release|Any CPU
		{ABAF3A7A-2266-FF12-F84C-47526B01D5C1}.Release|Any CPU.Build.0 = Release|Any CPU
		{BEAF7E92-CE0E-3A49-CD9F-311488299CF3}.Debug|Any CPU.ActiveCfg = Debug|Any CPU
		{BEAF7E92-CE0E-3A49-CD9F-311488299CF3}.Debug|Any CPU.Build.0 = Debug|Any CPU
		{BEAF7E92-CE0E-3A49-CD9F-311488299CF3}.Release|Any CPU.ActiveCfg = Release|Any CPU
		{BEAF7E92-CE0E-3A49-CD9F-311488299CF3}.Release|Any CPU.Build.0 = Release|Any CPU
		{A6E35079-15EA-8142-E3A8-76152CC97ED5}.Debug|Any CPU.ActiveCfg = Debug|Any CPU
		{A6E35079-15EA-8142-E3A8-76152CC97ED5}.Debug|Any CPU.Build.0 = Debug|Any CPU
		{A6E35079-15EA-8142-E3A8-76152CC97ED5}.Release|Any CPU.ActiveCfg = Release|Any CPU
		{A6E35079-15EA-8142-E3A8-76152CC97ED5}.Release|Any CPU.Build.0 = Release|Any CPU
		{FC7D69D6-F0C7-5F64-4D82-E670A99904C5}.Debug|Any CPU.ActiveCfg = Debug|Any CPU
		{FC7D69D6-F0C7-5F64-4D82-E670A99904C5}.Debug|Any CPU.Build.0 = Debug|Any CPU
		{FC7D69D6-F0C7-5F64-4D82-E670A99904C5}.Release|Any CPU.ActiveCfg = Release|Any CPU
		{FC7D69D6-F0C7-5F64-4D82-E670A99904C5}.Release|Any CPU.Build.0 = Release|Any CPU
		{3246DB37-28F1-9C69-2E47-F8D1F52FB22F}.Debug|Any CPU.ActiveCfg = Debug|Any CPU
		{3246DB37-28F1-9C69-2E47-F8D1F52FB22F}.Debug|Any CPU.Build.0 = Debug|Any CPU
		{3246DB37-28F1-9C69-2E47-F8D1F52FB22F}.Release|Any CPU.ActiveCfg = Release|Any CPU
		{3246DB37-28F1-9C69-2E47-F8D1F52FB22F}.Release|Any CPU.Build.0 = Release|Any CPU
		{CE52BD19-4810-C870-2276-81410C29554D}.Debug|Any CPU.ActiveCfg = Debug|Any CPU
		{CE52BD19-4810-C870-2276-81410C29554D}.Debug|Any CPU.Build.0 = Debug|Any CPU
		{CE52BD19-4810-C870-2276-81410C29554D}.Release|Any CPU.ActiveCfg = Release|Any CPU
		{CE52BD19-4810-C870-2276-81410C29554D}.Release|Any CPU.Build.0 = Release|Any CPU
		{792AEDE4-0F29-08C6-7D16-486AF0135838}.Debug|Any CPU.ActiveCfg = Debug|Any CPU
		{792AEDE4-0F29-08C6-7D16-486AF0135838}.Debug|Any CPU.Build.0 = Debug|Any CPU
		{792AEDE4-0F29-08C6-7D16-486AF0135838}.Release|Any CPU.ActiveCfg = Release|Any CPU
		{792AEDE4-0F29-08C6-7D16-486AF0135838}.Release|Any CPU.Build.0 = Release|Any CPU
		{80D9ED34-9AAD-95D0-5125-91317ABD971C}.Debug|Any CPU.ActiveCfg = Debug|Any CPU
		{80D9ED34-9AAD-95D0-5125-91317ABD971C}.Debug|Any CPU.Build.0 = Debug|Any CPU
		{80D9ED34-9AAD-95D0-5125-91317ABD971C}.Release|Any CPU.ActiveCfg = Release|Any CPU
		{80D9ED34-9AAD-95D0-5125-91317ABD971C}.Release|Any CPU.Build.0 = Release|Any CPU
	EndGlobalSection
	GlobalSection(SolutionProperties) = preSolution
		HideSolutionNode = FALSE
	EndGlobalSection
	GlobalSection(NestedProjects) = preSolution
		{9731B61B-C938-4004-8B9B-B0217DAF3841} = {13D59AD0-FAEA-42EC-AB30-BCECA32AEA9A}
		{271CC5FF-C5B1-AFC7-BA61-FB806B6DB45F} = {02EA681E-C7D8-13C7-8484-4AC65E1B71E8}
		{7E6C1F50-CBE5-8E29-1E13-E2103C741560} = {02EA681E-C7D8-13C7-8484-4AC65E1B71E8}
		{05EC306B-DE3D-5F5A-43CB-414FA2DFB1D1} = {02EA681E-C7D8-13C7-8484-4AC65E1B71E8}
		{A923E7C2-A16C-7308-5CC3-B018F6827E92} = {13D59AD0-FAEA-42EC-AB30-BCECA32AEA9A}
		{ABAF3A7A-2266-FF12-F84C-47526B01D5C1} = {13D59AD0-FAEA-42EC-AB30-BCECA32AEA9A}
		{BEAF7E92-CE0E-3A49-CD9F-311488299CF3} = {13D59AD0-FAEA-42EC-AB30-BCECA32AEA9A}
		{A6E35079-15EA-8142-E3A8-76152CC97ED5} = {13D59AD0-FAEA-42EC-AB30-BCECA32AEA9A}
		{FC7D69D6-F0C7-5F64-4D82-E670A99904C5} = {9731B61B-C938-4004-8B9B-B0217DAF3841}
		{3246DB37-28F1-9C69-2E47-F8D1F52FB22F} = {9731B61B-C938-4004-8B9B-B0217DAF3841}
		{CE52BD19-4810-C870-2276-81410C29554D} = {9731B61B-C938-4004-8B9B-B0217DAF3841}
		{792AEDE4-0F29-08C6-7D16-486AF0135838} = {9731B61B-C938-4004-8B9B-B0217DAF3841}
		{80D9ED34-9AAD-95D0-5125-91317ABD971C} = {13D59AD0-FAEA-42EC-AB30-BCECA32AEA9A}
	EndGlobalSection
	GlobalSection(ExtensibilityGlobals) = postSolution
		SolutionGuid = {48DA8492-726C-427E-AD61-C830928C5938}
	EndGlobalSection
EndGlobal
